// !$*UTF8*$!
{
	archiveVersion = 1;
	classes = {
	};
	objectVersion = 46;
	objects = {

/* Begin PBXBuildFile section */
		B4911E331C7E06DA006BBB10 /* main.c in Sources */ = {isa = PBXBuildFile; fileRef = B4911E321C7E06DA006BBB10 /* main.c */; };
		B4911E3B1C7E0BD5006BBB10 /* utils.c in Sources */ = {isa = PBXBuildFile; fileRef = B4911E391C7E0BD5006BBB10 /* utils.c */; };
		B4911E3D1C7E0CB1006BBB10 /* lsscp.c in Sources */ = {isa = PBXBuildFile; fileRef = B4911E3C1C7E0CB1006BBB10 /* lsscp.c */; };
/* End PBXBuildFile section */

/* Begin PBXCopyFilesBuildPhase section */
		B4911E2D1C7E06DA006BBB10 /* CopyFiles */ = {
			isa = PBXCopyFilesBuildPhase;
			buildActionMask = 2147483647;
			dstPath = /usr/share/man/man1/;
			dstSubfolderSpec = 0;
			files = (
			);
			runOnlyForDeploymentPostprocessing = 1;
		};
/* End PBXCopyFilesBuildPhase section */

/* Begin PBXFileReference section */
		B4911E2F1C7E06DA006BBB10 /* HO-Project1 */ = {isa = PBXFileReference; explicitFileType = "compiled.mach-o.executable"; includeInIndex = 0; path = "HO-Project1"; sourceTree = BUILT_PRODUCTS_DIR; };
		B4911E321C7E06DA006BBB10 /* main.c */ = {isa = PBXFileReference; lastKnownFileType = sourcecode.c.c; path = main.c; sourceTree = "<group>"; };
		B4911E391C7E0BD5006BBB10 /* utils.c */ = {isa = PBXFileReference; fileEncoding = 4; lastKnownFileType = sourcecode.c.c; path = utils.c; sourceTree = "<group>"; };
		B4911E3C1C7E0CB1006BBB10 /* lsscp.c */ = {isa = PBXFileReference; fileEncoding = 4; lastKnownFileType = sourcecode.c.c; path = lsscp.c; sourceTree = "<group>"; };
		B4911E3E1C7E1532006BBB10 /* utils.h */ = {isa = PBXFileReference; fileEncoding = 4; lastKnownFileType = sourcecode.c.h; path = utils.h; sourceTree = "<group>"; };
		B4911E3F1C7E15B2006BBB10 /* lsscp.h */ = {isa = PBXFileReference; fileEncoding = 4; lastKnownFileType = sourcecode.c.h; path = lsscp.h; sourceTree = "<group>"; };
/* End PBXFileReference section */

/* Begin PBXFrameworksBuildPhase section */
		B4911E2C1C7E06DA006BBB10 /* Frameworks */ = {
			isa = PBXFrameworksBuildPhase;
			buildActionMask = 2147483647;
			files = (
			);
			runOnlyForDeploymentPostprocessing = 0;
		};
/* End PBXFrameworksBuildPhase section */

/* Begin PBXGroup section */
		B4911E261C7E06DA006BBB10 = {
			isa = PBXGroup;
			children = (
				B4911E311C7E06DA006BBB10 /* HO-Project1 */,
				B4911E301C7E06DA006BBB10 /* Products */,
			);
			sourceTree = "<group>";
		};
		B4911E301C7E06DA006BBB10 /* Products */ = {
			isa = PBXGroup;
			children = (
				B4911E2F1C7E06DA006BBB10 /* HO-Project1 */,
			);
			name = Products;
			sourceTree = "<group>";
		};
		B4911E311C7E06DA006BBB10 /* HO-Project1 */ = {
			isa = PBXGroup;
			children = (
				B4911E321C7E06DA006BBB10 /* main.c */,
				B4911E391C7E0BD5006BBB10 /* utils.c */,
				B4911E3E1C7E1532006BBB10 /* utils.h */,
				B4911E3C1C7E0CB1006BBB10 /* lsscp.c */,
				B4911E3F1C7E15B2006BBB10 /* lsscp.h */,
			);
			path = "HO-Project1";
			sourceTree = "<group>";
		};
/* End PBXGroup section */

/* Begin PBXNativeTarget section */
		B4911E2E1C7E06DA006BBB10 /* HO-Project1 */ = {
			isa = PBXNativeTarget;
			buildConfigurationList = B4911E361C7E06DA006BBB10 /* Build configuration list for PBXNativeTarget "HO-Project1" */;
			buildPhases = (
				B4911E2B1C7E06DA006BBB10 /* Sources */,
				B4911E2C1C7E06DA006BBB10 /* Frameworks */,
				B4911E2D1C7E06DA006BBB10 /* CopyFiles */,
			);
			buildRules = (
			);
			dependencies = (
			);
			name = "HO-Project1";
			productName = "HO-Project1";
			productReference = B4911E2F1C7E06DA006BBB10 /* HO-Project1 */;
			productType = "com.apple.product-type.tool";
		};
/* End PBXNativeTarget section */

/* Begin PBXProject section */
		B4911E271C7E06DA006BBB10 /* Project object */ = {
			isa = PBXProject;
			attributes = {
				LastUpgradeCheck = 0720;
				ORGANIZATIONNAME = "Jens Nevens";
				TargetAttributes = {
					B4911E2E1C7E06DA006BBB10 = {
						CreatedOnToolsVersion = 7.2.1;
					};
				};
			};
			buildConfigurationList = B4911E2A1C7E06DA006BBB10 /* Build configuration list for PBXProject "HO-Project1" */;
			compatibilityVersion = "Xcode 3.2";
			developmentRegion = English;
			hasScannedForEncodings = 0;
			knownRegions = (
				en,
			);
			mainGroup = B4911E261C7E06DA006BBB10;
			productRefGroup = B4911E301C7E06DA006BBB10 /* Products */;
			projectDirPath = "";
			projectRoot = "";
			targets = (
				B4911E2E1C7E06DA006BBB10 /* HO-Project1 */,
			);
		};
/* End PBXProject section */

/* Begin PBXSourcesBuildPhase section */
		B4911E2B1C7E06DA006BBB10 /* Sources */ = {
			isa = PBXSourcesBuildPhase;
			buildActionMask = 2147483647;
			files = (
				B4911E3D1C7E0CB1006BBB10 /* lsscp.c in Sources */,
				B4911E331C7E06DA006BBB10 /* main.c in Sources */,
				B4911E3B1C7E0BD5006BBB10 /* utils.c in Sources */,
			);
			runOnlyForDeploymentPostprocessing = 0;
		};
/* End PBXSourcesBuildPhase section */

/* Begin XCBuildConfiguration section */
		B4911E341C7E06DA006BBB10 /* Debug */ = {
			isa = XCBuildConfiguration;
			buildSettings = {
				ALWAYS_SEARCH_USER_PATHS = NO;
				CLANG_CXX_LANGUAGE_STANDARD = "gnu++0x";
				CLANG_CXX_LIBRARY = "libc++";
				CLANG_ENABLE_MODULES = YES;
				CLANG_ENABLE_OBJC_ARC = YES;
				CLANG_WARN_BOOL_CONVERSION = YES;
				CLANG_WARN_CONSTANT_CONVERSION = YES;
				CLANG_WARN_DIRECT_OBJC_ISA_USAGE = YES_ERROR;
				CLANG_WARN_EMPTY_BODY = YES;
				CLANG_WARN_ENUM_CONVERSION = YES;
				CLANG_WARN_INT_CONVERSION = YES;
				CLANG_WARN_OBJC_ROOT_CLASS = YES_ERROR;
				CLANG_WARN_UNREACHABLE_CODE = YES;
				CLANG_WARN__DUPLICATE_METHOD_MATCH = YES;
				CODE_SIGN_IDENTITY = "-";
				COPY_PHASE_STRIP = NO;
				DEBUG_INFORMATION_FORMAT = dwarf;
				ENABLE_STRICT_OBJC_MSGSEND = YES;
				ENABLE_TESTABILITY = YES;
				GCC_C_LANGUAGE_STANDARD = "compiler-default";
				GCC_DYNAMIC_NO_PIC = NO;
				GCC_NO_COMMON_BLOCKS = YES;
				GCC_OPTIMIZATION_LEVEL = 0;
				GCC_PREPROCESSOR_DEFINITIONS = (
					"DEBUG=1",
					"$(inherited)",
				);
				GCC_WARN_64_TO_32_BIT_CONVERSION = YES;
				GCC_WARN_ABOUT_RETURN_TYPE = YES_ERROR;
				GCC_WARN_UNDECLARED_SELECTOR = YES;
				GCC_WARN_UNINITIALIZED_AUTOS = YES_AGGRESSIVE;
				GCC_WARN_UNUSED_FUNCTION = YES;
				GCC_WARN_UNUSED_VARIABLE = YES;
				MACOSX_DEPLOYMENT_TARGET = 10.11;
				MTL_ENABLE_DEBUG_INFO = YES;
				ONLY_ACTIVE_ARCH = YES;
				SDKROOT = macosx;
			};
			name = Debug;
		};
		B4911E351C7E06DA006BBB10 /* Release */ = {
			isa = XCBuildConfiguration;
			buildSettings = {
				ALWAYS_SEARCH_USER_PATHS = NO;
				CLANG_CXX_LANGUAGE_STANDARD = "gnu++0x";
				CLANG_CXX_LIBRARY = "libc++";
				CLANG_ENABLE_MODULES = YES;
				CLANG_ENABLE_OBJC_ARC = YES;
				CLANG_WARN_BOOL_CONVERSION = YES;
				CLANG_WARN_CONSTANT_CONVERSION = YES;
				CLANG_WARN_DIRECT_OBJC_ISA_USAGE = YES_ERROR;
				CLANG_WARN_EMPTY_BODY = YES;
				CLANG_WARN_ENUM_CONVERSION = YES;
				CLANG_WARN_INT_CONVERSION = YES;
				CLANG_WARN_OBJC_ROOT_CLASS = YES_ERROR;
				CLANG_WARN_UNREACHABLE_CODE = YES;
				CLANG_WARN__DUPLICATE_METHOD_MATCH = YES;
				CODE_SIGN_IDENTITY = "-";
				COPY_PHASE_STRIP = NO;
				DEBUG_INFORMATION_FORMAT = "dwarf-with-dsym";
				ENABLE_NS_ASSERTIONS = NO;
				ENABLE_STRICT_OBJC_MSGSEND = YES;
				GCC_C_LANGUAGE_STANDARD = "compiler-default";
				GCC_NO_COMMON_BLOCKS = YES;
				GCC_WARN_64_TO_32_BIT_CONVERSION = YES;
				GCC_WARN_ABOUT_RETURN_TYPE = YES_ERROR;
				GCC_WARN_UNDECLARED_SELECTOR = YES;
				GCC_WARN_UNINITIALIZED_AUTOS = YES_AGGRESSIVE;
				GCC_WARN_UNUSED_FUNCTION = YES;
				GCC_WARN_UNUSED_VARIABLE = YES;
				MACOSX_DEPLOYMENT_TARGET = 10.11;
				MTL_ENABLE_DEBUG_INFO = NO;
				SDKROOT = macosx;
			};
			name = Release;
		};
		B4911E371C7E06DA006BBB10 /* Debug */ = {
			isa = XCBuildConfiguration;
			buildSettings = {
				PRODUCT_NAME = "$(TARGET_NAME)";
			};
			name = Debug;
		};
		B4911E381C7E06DA006BBB10 /* Release */ = {
			isa = XCBuildConfiguration;
			buildSettings = {
				PRODUCT_NAME = "$(TARGET_NAME)";
			};
			name = Release;
		};
/* End XCBuildConfiguration section */

/* Begin XCConfigurationList section */
		B4911E2A1C7E06DA006BBB10 /* Build configuration list for PBXProject "HO-Project1" */ = {
			isa = XCConfigurationList;
			buildConfigurations = (
				B4911E341C7E06DA006BBB10 /* Debug */,
				B4911E351C7E06DA006BBB10 /* Release */,
			);
			defaultConfigurationIsVisible = 0;
			defaultConfigurationName = Debug;
		};
		B4911E361C7E06DA006BBB10 /* Build configuration list for PBXNativeTarget "HO-Project1" */ = {
			isa = XCConfigurationList;
			buildConfigurations = (
				B4911E371C7E06DA006BBB10 /* Debug */,
				B4911E381C7E06DA006BBB10 /* Release */,
			);
			defaultConfigurationIsVisible = 0;
			defaultConfigurationName = Debug;
		};
/* End XCConfigurationList section */
	};
	rootObject = B4911E271C7E06DA006BBB10 /* Project object */;
}
